
Microsoft Visual Studio Solution File, Format Version 12.00
# Visual Studio Version 17
VisualStudioVersion = 17.4.33110.190
MinimumVisualStudioVersion = 10.0.40219.1
Project("{9A19103F-16F7-4668-BE54-9A1E7A4F7556}") = "FamilyHubs.ServiceDirectoryUi.Ui", "src\FamilyHubs.ServiceDirectoryUi.Ui\FamilyHubs.ServiceDirectoryUi.Ui.csproj", "{847DF534-ACF4-4642-9257-689C62E90CD5}"
EndProject
Project("{2150E333-8FDC-42A3-9474-1A3956D46DE8}") = "Solution Items", "Solution Items", "{3E34CDB3-8FBF-4054-BBB2-6D9A796B815A}"
EndProject
Project("{2150E333-8FDC-42A3-9474-1A3956D46DE8}") = "src", "src", "{1C76539E-7E4B-473F-B0F1-558C7623F3E0}"
EndProject
Project("{2150E333-8FDC-42A3-9474-1A3956D46DE8}") = "tests", "tests", "{0C84D792-F7A4-469D-8C71-D2FA6D446581}"
EndProject
Global
	GlobalSection(SolutionConfigurationPlatforms) = preSolution
		Debug|Any CPU = Debug|Any CPU
		Release|Any CPU = Release|Any CPU
	EndGlobalSection
	GlobalSection(ProjectConfigurationPlatforms) = postSolution
		{847DF534-ACF4-4642-9257-689C62E90CD5}.Debug|Any CPU.ActiveCfg = Debug|Any CPU
		{847DF534-ACF4-4642-9257-689C62E90CD5}.Debug|Any CPU.Build.0 = Debug|Any CPU
		{847DF534-ACF4-4642-9257-689C62E90CD5}.Release|Any CPU.ActiveCfg = Release|Any CPU
		{847DF534-ACF4-4642-9257-689C62E90CD5}.Release|Any CPU.Build.0 = Release|Any CPU
	EndGlobalSection
	GlobalSection(SolutionProperties) = preSolution
		HideSolutionNode = FALSE
	EndGlobalSection
	GlobalSection(NestedProjects) = preSolution
		{847DF534-ACF4-4642-9257-689C62E90CD5} = {1C76539E-7E4B-473F-B0F1-558C7623F3E0}
	EndGlobalSection
	GlobalSection(ExtensibilityGlobals) = postSolution
		SolutionGuid = {966CDAA6-2F97-4532-A521-87C4F07561E9}
	EndGlobalSection
EndGlobal
